
Microsoft Visual Studio Solution File, Format Version 12.00
# Visual Studio Version 17
VisualStudioVersion = 17.2.32616.157
MinimumVisualStudioVersion = 10.0.40219.1
Project("{FAE04EC0-301F-11D3-BF4B-00C04F79EFBC}") = "studentre", "studentre\studentre.csproj", "{7DD175DF-4D13-46CB-8D1A-15036BD25E5B}"
EndProject
Global
	GlobalSection(SolutionConfigurationPlatforms) = preSolution
		Debug|Any CPU = Debug|Any CPU
		Release|Any CPU = Release|Any CPU
	EndGlobalSection
	GlobalSection(ProjectConfigurationPlatforms) = postSolution
		{7DD175DF-4D13-46CB-8D1A-15036BD25E5B}.Debug|Any CPU.ActiveCfg = Debug|Any CPU
		{7DD175DF-4D13-46CB-8D1A-15036BD25E5B}.Debug|Any CPU.Build.0 = Debug|Any CPU
		{7DD175DF-4D13-46CB-8D1A-15036BD25E5B}.Release|Any CPU.ActiveCfg = Release|Any CPU
		{7DD175DF-4D13-46CB-8D1A-15036BD25E5B}.Release|Any CPU.Build.0 = Release|Any CPU
	EndGlobalSection
	GlobalSection(SolutionProperties) = preSolution
		HideSolutionNode = FALSE
	EndGlobalSection
	GlobalSection(ExtensibilityGlobals) = postSolution
		SolutionGuid = {7554AA45-7C95-4397-8173-D4F73F6CA077}
	EndGlobalSection
EndGlobal
